// !$*UTF8*$!
{
	archiveVersion = 1;
	classes = {
	};
	objectVersion = 46;
	objects = {

/* Begin PBXBuildFile section */
		C6E334D91BCDF9F100B111C1 /* main.m in Sources */ = {isa = PBXBuildFile; fileRef = C6E334D81BCDF9F100B111C1 /* main.m */; };
		C6E334DC1BCDF9F100B111C1 /* AppDelegate.m in Sources */ = {isa = PBXBuildFile; fileRef = C6E334DB1BCDF9F100B111C1 /* AppDelegate.m */; };
		C6E334DF1BCDF9F100B111C1 /* ViewController.m in Sources */ = {isa = PBXBuildFile; fileRef = C6E334DE1BCDF9F100B111C1 /* ViewController.m */; };
		C6E334E21BCDF9F100B111C1 /* Main.storyboard in Resources */ = {isa = PBXBuildFile; fileRef = C6E334E01BCDF9F100B111C1 /* Main.storyboard */; };
		C6E334E41BCDF9F100B111C1 /* Images.xcassets in Resources */ = {isa = PBXBuildFile; fileRef = C6E334E31BCDF9F100B111C1 /* Images.xcassets */; };
		C6E334E71BCDF9F100B111C1 /* LaunchScreen.xib in Resources */ = {isa = PBXBuildFile; fileRef = C6E334E51BCDF9F100B111C1 /* LaunchScreen.xib */; };
		C6E334F31BCDF9F100B111C1 /* wh_weiboTests.m in Sources */ = {isa = PBXBuildFile; fileRef = C6E334F21BCDF9F100B111C1 /* wh_weiboTests.m */; };
/* End PBXBuildFile section */

/* Begin PBXContainerItemProxy section */
		C6E334ED1BCDF9F100B111C1 /* PBXContainerItemProxy */ = {
			isa = PBXContainerItemProxy;
			containerPortal = C6E334CB1BCDF9F000B111C1 /* Project object */;
			proxyType = 1;
			remoteGlobalIDString = C6E334D21BCDF9F100B111C1;
			remoteInfo = wh_weibo;
		};
/* End PBXContainerItemProxy section */

/* Begin PBXFileReference section */
		C6E334D31BCDF9F100B111C1 /* wh_weibo.app */ = {isa = PBXFileReference; explicitFileType = wrapper.application; includeInIndex = 0; path = wh_weibo.app; sourceTree = BUILT_PRODUCTS_DIR; };
		C6E334D71BCDF9F100B111C1 /* Info.plist */ = {isa = PBXFileReference; lastKnownFileType = text.plist.xml; path = Info.plist; sourceTree = "<group>"; };
		C6E334D81BCDF9F100B111C1 /* main.m */ = {isa = PBXFileReference; lastKnownFileType = sourcecode.c.objc; path = main.m; sourceTree = "<group>"; };
		C6E334DA1BCDF9F100B111C1 /* AppDelegate.h */ = {isa = PBXFileReference; lastKnownFileType = sourcecode.c.h; path = AppDelegate.h; sourceTree = "<group>"; };
		C6E334DB1BCDF9F100B111C1 /* AppDelegate.m */ = {isa = PBXFileReference; lastKnownFileType = sourcecode.c.objc; path = AppDelegate.m; sourceTree = "<group>"; };
		C6E334DD1BCDF9F100B111C1 /* ViewController.h */ = {isa = PBXFileReference; lastKnownFileType = sourcecode.c.h; path = ViewController.h; sourceTree = "<group>"; };
		C6E334DE1BCDF9F100B111C1 /* ViewController.m */ = {isa = PBXFileReference; lastKnownFileType = sourcecode.c.objc; path = ViewController.m; sourceTree = "<group>"; };
		C6E334E11BCDF9F100B111C1 /* Base */ = {isa = PBXFileReference; lastKnownFileType = file.storyboard; name = Base; path = Base.lproj/Main.storyboard; sourceTree = "<group>"; };
		C6E334E31BCDF9F100B111C1 /* Images.xcassets */ = {isa = PBXFileReference; lastKnownFileType = folder.assetcatalog; path = Images.xcassets; sourceTree = "<group>"; };
		C6E334E61BCDF9F100B111C1 /* Base */ = {isa = PBXFileReference; lastKnownFileType = file.xib; name = Base; path = Base.lproj/LaunchScreen.xib; sourceTree = "<group>"; };
		C6E334EC1BCDF9F100B111C1 /* wh_weiboTests.xctest */ = {isa = PBXFileReference; explicitFileType = wrapper.cfbundle; includeInIndex = 0; path = wh_weiboTests.xctest; sourceTree = BUILT_PRODUCTS_DIR; };
		C6E334F11BCDF9F100B111C1 /* Info.plist */ = {isa = PBXFileReference; lastKnownFileType = text.plist.xml; path = Info.plist; sourceTree = "<group>"; };
		C6E334F21BCDF9F100B111C1 /* wh_weiboTests.m */ = {isa = PBXFileReference; lastKnownFileType = sourcecode.c.objc; path = wh_weiboTests.m; sourceTree = "<group>"; };
/* End PBXFileReference section */

/* Begin PBXFrameworksBuildPhase section */
		C6E334D01BCDF9F100B111C1 /* Frameworks */ = {
			isa = PBXFrameworksBuildPhase;
			buildActionMask = 2147483647;
			files = (
			);
			runOnlyForDeploymentPostprocessing = 0;
		};
		C6E334E91BCDF9F100B111C1 /* Frameworks */ = {
			isa = PBXFrameworksBuildPhase;
			buildActionMask = 2147483647;
			files = (
			);
			runOnlyForDeploymentPostprocessing = 0;
		};
/* End PBXFrameworksBuildPhase section */

/* Begin PBXGroup section */
		C6E334CA1BCDF9F000B111C1 = {
			isa = PBXGroup;
			children = (
				C6E334D51BCDF9F100B111C1 /* wh_weibo */,
				C6E334EF1BCDF9F100B111C1 /* wh_weiboTests */,
				C6E334D41BCDF9F100B111C1 /* Products */,
			);
			sourceTree = "<group>";
		};
		C6E334D41BCDF9F100B111C1 /* Products */ = {
			isa = PBXGroup;
			children = (
				C6E334D31BCDF9F100B111C1 /* wh_weibo.app */,
				C6E334EC1BCDF9F100B111C1 /* wh_weiboTests.xctest */,
			);
			name = Products;
			sourceTree = "<group>";
		};
		C6E334D51BCDF9F100B111C1 /* wh_weibo */ = {
			isa = PBXGroup;
			children = (
				C6E334DA1BCDF9F100B111C1 /* AppDelegate.h */,
				C6E334DB1BCDF9F100B111C1 /* AppDelegate.m */,
				C6E334DD1BCDF9F100B111C1 /* ViewController.h */,
				C6E334DE1BCDF9F100B111C1 /* ViewController.m */,
				C6E334E01BCDF9F100B111C1 /* Main.storyboard */,
				C6E334E31BCDF9F100B111C1 /* Images.xcassets */,
				C6E334E51BCDF9F100B111C1 /* LaunchScreen.xib */,
				C6E334D61BCDF9F100B111C1 /* Supporting Files */,
			);
			path = wh_weibo;
			sourceTree = "<group>";
		};
		C6E334D61BCDF9F100B111C1 /* Supporting Files */ = {
			isa = PBXGroup;
			children = (
				C6E334D71BCDF9F100B111C1 /* Info.plist */,
				C6E334D81BCDF9F100B111C1 /* main.m */,
			);
			name = "Supporting Files";
			sourceTree = "<group>";
		};
		C6E334EF1BCDF9F100B111C1 /* wh_weiboTests */ = {
			isa = PBXGroup;
			children = (
				C6E334F21BCDF9F100B111C1 /* wh_weiboTests.m */,
				C6E334F01BCDF9F100B111C1 /* Supporting Files */,
			);
			path = wh_weiboTests;
			sourceTree = "<group>";
		};
		C6E334F01BCDF9F100B111C1 /* Supporting Files */ = {
			isa = PBXGroup;
			children = (
				C6E334F11BCDF9F100B111C1 /* Info.plist */,
			);
			name = "Supporting Files";
			sourceTree = "<group>";
		};
/* End PBXGroup section */

/* Begin PBXNativeTarget section */
		C6E334D21BCDF9F100B111C1 /* wh_weibo */ = {
			isa = PBXNativeTarget;
			buildConfigurationList = C6E334F61BCDF9F100B111C1 /* Build configuration list for PBXNativeTarget "wh_weibo" */;
			buildPhases = (
				C6E334CF1BCDF9F100B111C1 /* Sources */,
				C6E334D01BCDF9F100B111C1 /* Frameworks */,
				C6E334D11BCDF9F100B111C1 /* Resources */,
			);
			buildRules = (
			);
			dependencies = (
			);
			name = wh_weibo;
			productName = wh_weibo;
			productReference = C6E334D31BCDF9F100B111C1 /* wh_weibo.app */;
			productType = "com.apple.product-type.application";
		};
		C6E334EB1BCDF9F100B111C1 /* wh_weiboTests */ = {
			isa = PBXNativeTarget;
			buildConfigurationList = C6E334F91BCDF9F100B111C1 /* Build configuration list for PBXNativeTarget "wh_weiboTests" */;
			buildPhases = (
				C6E334E81BCDF9F100B111C1 /* Sources */,
				C6E334E91BCDF9F100B111C1 /* Frameworks */,
				C6E334EA1BCDF9F100B111C1 /* Resources */,
			);
			buildRules = (
			);
			dependencies = (
				C6E334EE1BCDF9F100B111C1 /* PBXTargetDependency */,
			);
			name = wh_weiboTests;
			productName = wh_weiboTests;
			productReference = C6E334EC1BCDF9F100B111C1 /* wh_weiboTests.xctest */;
			productType = "com.apple.product-type.bundle.unit-test";
		};
/* End PBXNativeTarget section */

/* Begin PBXProject section */
		C6E334CB1BCDF9F000B111C1 /* Project object */ = {
			isa = PBXProject;
			attributes = {
				LastUpgradeCheck = 0640;
				ORGANIZATIONNAME = "玩火的萌娃";
				TargetAttributes = {
					C6E334D21BCDF9F100B111C1 = {
						CreatedOnToolsVersion = 6.4;
					};
					C6E334EB1BCDF9F100B111C1 = {
						CreatedOnToolsVersion = 6.4;
						TestTargetID = C6E334D21BCDF9F100B111C1;
					};
				};
			};
			buildConfigurationList = C6E334CE1BCDF9F000B111C1 /* Build configuration list for PBXProject "wh_weibo" */;
			compatibilityVersion = "Xcode 3.2";
			developmentRegion = English;
			hasScannedForEncodings = 0;
			knownRegions = (
				en,
				Base,
			);
			mainGroup = C6E334CA1BCDF9F000B111C1;
			productRefGroup = C6E334D41BCDF9F100B111C1 /* Products */;
			projectDirPath = "";
			projectRoot = "";
			targets = (
				C6E334D21BCDF9F100B111C1 /* wh_weibo */,
				C6E334EB1BCDF9F100B111C1 /* wh_weiboTests */,
			);
		};
/* End PBXProject section */

/* Begin PBXResourcesBuildPhase section */
		C6E334D11BCDF9F100B111C1 /* Resources */ = {
			isa = PBXResourcesBuildPhase;
			buildActionMask = 2147483647;
			files = (
				C6E334E21BCDF9F100B111C1 /* Main.storyboard in Resources */,
				C6E334E71BCDF9F100B111C1 /* LaunchScreen.xib in Resources */,
				C6E334E41BCDF9F100B111C1 /* Images.xcassets in Resources */,
			);
			runOnlyForDeploymentPostprocessing = 0;
		};
		C6E334EA1BCDF9F100B111C1 /* Resources */ = {
			isa = PBXResourcesBuildPhase;
			buildActionMask = 2147483647;
			files = (
			);
			runOnlyForDeploymentPostprocessing = 0;
		};
/* End PBXResourcesBuildPhase section */

/* Begin PBXSourcesBuildPhase section */
		C6E334CF1BCDF9F100B111C1 /* Sources */ = {
			isa = PBXSourcesBuildPhase;
			buildActionMask = 2147483647;
			files = (
				C6E334DF1BCDF9F100B111C1 /* ViewController.m in Sources */,
				C6E334DC1BCDF9F100B111C1 /* AppDelegate.m in Sources */,
				C6E334D91BCDF9F100B111C1 /* main.m in Sources */,
			);
			runOnlyForDeploymentPostprocessing = 0;
		};
		C6E334E81BCDF9F100B111C1 /* Sources */ = {
			isa = PBXSourcesBuildPhase;
			buildActionMask = 2147483647;
			files = (
				C6E334F31BCDF9F100B111C1 /* wh_weiboTests.m in Sources */,
			);
			runOnlyForDeploymentPostprocessing = 0;
		};
/* End PBXSourcesBuildPhase section */

/* Begin PBXTargetDependency section */
		C6E334EE1BCDF9F100B111C1 /* PBXTargetDependency */ = {
			isa = PBXTargetDependency;
			target = C6E334D21BCDF9F100B111C1 /* wh_weibo */;
			targetProxy = C6E334ED1BCDF9F100B111C1 /* PBXContainerItemProxy */;
		};
/* End PBXTargetDependency section */

/* Begin PBXVariantGroup section */
		C6E334E01BCDF9F100B111C1 /* Main.storyboard */ = {
			isa = PBXVariantGroup;
			children = (
				C6E334E11BCDF9F100B111C1 /* Base */,
			);
			name = Main.storyboard;
			sourceTree = "<group>";
		};
		C6E334E51BCDF9F100B111C1 /* LaunchScreen.xib */ = {
			isa = PBXVariantGroup;
			children = (
				C6E334E61BCDF9F100B111C1 /* Base */,
			);
			name = LaunchScreen.xib;
			sourceTree = "<group>";
		};
/* End PBXVariantGroup section */

/* Begin XCBuildConfiguration section */
		C6E334F41BCDF9F100B111C1 /* Debug */ = {
			isa = XCBuildConfiguration;
			buildSettings = {
				ALWAYS_SEARCH_USER_PATHS = NO;
				CLANG_CXX_LANGUAGE_STANDARD = "gnu++0x";
				CLANG_CXX_LIBRARY = "libc++";
				CLANG_ENABLE_MODULES = YES;
				CLANG_ENABLE_OBJC_ARC = YES;
				CLANG_WARN_BOOL_CONVERSION = YES;
				CLANG_WARN_CONSTANT_CONVERSION = YES;
				CLANG_WARN_DIRECT_OBJC_ISA_USAGE = YES_ERROR;
				CLANG_WARN_EMPTY_BODY = YES;
				CLANG_WARN_ENUM_CONVERSION = YES;
				CLANG_WARN_INT_CONVERSION = YES;
				CLANG_WARN_OBJC_ROOT_CLASS = YES_ERROR;
				CLANG_WARN_UNREACHABLE_CODE = YES;
				CLANG_WARN__DUPLICATE_METHOD_MATCH = YES;
				"CODE_SIGN_IDENTITY[sdk=iphoneos*]" = "iPhone Developer";
				COPY_PHASE_STRIP = NO;
				DEBUG_INFORMATION_FORMAT = "dwarf-with-dsym";
				ENABLE_STRICT_OBJC_MSGSEND = YES;
				GCC_C_LANGUAGE_STANDARD = gnu99;
				GCC_DYNAMIC_NO_PIC = NO;
				GCC_NO_COMMON_BLOCKS = YES;
				GCC_OPTIMIZATION_LEVEL = 0;
				GCC_PREPROCESSOR_DEFINITIONS = (
					"DEBUG=1",
					"$(inherited)",
				);
				GCC_SYMBOLS_PRIVATE_EXTERN = NO;
				GCC_WARN_64_TO_32_BIT_CONVERSION = YES;
				GCC_WARN_ABOUT_RETURN_TYPE = YES_ERROR;
				GCC_WARN_UNDECLARED_SELECTOR = YES;
				GCC_WARN_UNINITIALIZED_AUTOS = YES_AGGRESSIVE;
				GCC_WARN_UNUSED_FUNCTION = YES;
				GCC_WARN_UNUSED_VARIABLE = YES;
				IPHONEOS_DEPLOYMENT_TARGET = 8.4;
				MTL_ENABLE_DEBUG_INFO = YES;
				ONLY_ACTIVE_ARCH = YES;
				SDKROOT = iphoneos;
				TARGETED_DEVICE_FAMILY = "1,2";
			};
			name = Debug;
		};
		C6E334F51BCDF9F100B111C1 /* Release */ = {
			isa = XCBuildConfiguration;
			buildSettings = {
				ALWAYS_SEARCH_USER_PATHS = NO;
				CLANG_CXX_LANGUAGE_STANDARD = "gnu++0x";
				CLANG_CXX_LIBRARY = "libc++";
				CLANG_ENABLE_MODULES = YES;
				CLANG_ENABLE_OBJC_ARC = YES;
				CLANG_WARN_BOOL_CONVERSION = YES;
				CLANG_WARN_CONSTANT_CONVERSION = YES;
				CLANG_WARN_DIRECT_OBJC_ISA_USAGE = YES_ERROR;
				CLANG_WARN_EMPTY_BODY = YES;
				CLANG_WARN_ENUM_CONVERSION = YES;
				CLANG_WARN_INT_CONVERSION = YES;
				CLANG_WARN_OBJC_ROOT_CLASS = YES_ERROR;
				CLANG_WARN_UNREACHABLE_CODE = YES;
				CLANG_WARN__DUPLICATE_METHOD_MATCH = YES;
				"CODE_SIGN_IDENTITY[sdk=iphoneos*]" = "iPhone Developer";
				COPY_PHASE_STRIP = NO;
				DEBUG_INFORMATION_FORMAT = "dwarf-with-dsym";
				ENABLE_NS_ASSERTIONS = NO;
				ENABLE_STRICT_OBJC_MSGSEND = YES;
				GCC_C_LANGUAGE_STANDARD = gnu99;
				GCC_NO_COMMON_BLOCKS = YES;
				GCC_WARN_64_TO_32_BIT_CONVERSION = YES;
				GCC_WARN_ABOUT_RETURN_TYPE = YES_ERROR;
				GCC_WARN_UNDECLARED_SELECTOR = YES;
				GCC_WARN_UNINITIALIZED_AUTOS = YES_AGGRESSIVE;
				GCC_WARN_UNUSED_FUNCTION = YES;
				GCC_WARN_UNUSED_VARIABLE = YES;
				IPHONEOS_DEPLOYMENT_TARGET = 8.4;
				MTL_ENABLE_DEBUG_INFO = NO;
				SDKROOT = iphoneos;
				TARGETED_DEVICE_FAMILY = "1,2";
				VALIDATE_PRODUCT = YES;
			};
			name = Release;
		};
		C6E334F71BCDF9F100B111C1 /* Debug */ = {
			isa = XCBuildConfiguration;
			buildSettings = {
				ASSETCATALOG_COMPILER_APPICON_NAME = AppIcon;
				INFOPLIST_FILE = wh_weibo/Info.plist;
				LD_RUNPATH_SEARCH_PATHS = "$(inherited) @executable_path/Frameworks";
				PRODUCT_NAME = "$(TARGET_NAME)";
			};
			name = Debug;
		};
		C6E334F81BCDF9F100B111C1 /* Release */ = {
			isa = XCBuildConfiguration;
			buildSettings = {
				ASSETCATALOG_COMPILER_APPICON_NAME = AppIcon;
				INFOPLIST_FILE = wh_weibo/Info.plist;
				LD_RUNPATH_SEARCH_PATHS = "$(inherited) @executable_path/Frameworks";
				PRODUCT_NAME = "$(TARGET_NAME)";
			};
			name = Release;
		};
		C6E334FA1BCDF9F100B111C1 /* Debug */ = {
			isa = XCBuildConfiguration;
			buildSettings = {
				BUNDLE_LOADER = "$(TEST_HOST)";
				FRAMEWORK_SEARCH_PATHS = (
					"$(SDKROOT)/Developer/Library/Frameworks",
					"$(inherited)",
				);
				GCC_PREPROCESSOR_DEFINITIONS = (
					"DEBUG=1",
					"$(inherited)",
				);
				INFOPLIST_FILE = wh_weiboTests/Info.plist;
				LD_RUNPATH_SEARCH_PATHS = "$(inherited) @executable_path/Frameworks @loader_path/Frameworks";
				PRODUCT_NAME = "$(TARGET_NAME)";
				TEST_HOST = "$(BUILT_PRODUCTS_DIR)/wh_weibo.app/wh_weibo";
			};
			name = Debug;
		};
		C6E334FB1BCDF9F100B111C1 /* Release */ = {
			isa = XCBuildConfiguration;
			buildSettings = {
				BUNDLE_LOADER = "$(TEST_HOST)";
				FRAMEWORK_SEARCH_PATHS = (
					"$(SDKROOT)/Developer/Library/Frameworks",
					"$(inherited)",
				);
				INFOPLIST_FILE = wh_weiboTests/Info.plist;
				LD_RUNPATH_SEARCH_PATHS = "$(inherited) @executable_path/Frameworks @loader_path/Frameworks";
				PRODUCT_NAME = "$(TARGET_NAME)";
				TEST_HOST = "$(BUILT_PRODUCTS_DIR)/wh_weibo.app/wh_weibo";
			};
			name = Release;
		};
/* End XCBuildConfiguration section */

/* Begin XCConfigurationList section */
		C6E334CE1BCDF9F000B111C1 /* Build configuration list for PBXProject "wh_weibo" */ = {
			isa = XCConfigurationList;
			buildConfigurations = (
				C6E334F41BCDF9F100B111C1 /* Debug */,
				C6E334F51BCDF9F100B111C1 /* Release */,
			);
			defaultConfigurationIsVisible = 0;
			defaultConfigurationName = Release;
		};
		C6E334F61BCDF9F100B111C1 /* Build configuration list for PBXNativeTarget "wh_weibo" */ = {
			isa = XCConfigurationList;
			buildConfigurations = (
				C6E334F71BCDF9F100B111C1 /* Debug */,
				C6E334F81BCDF9F100B111C1 /* Release */,
			);
			defaultConfigurationIsVisible = 0;
		};
		C6E334F91BCDF9F100B111C1 /* Build configuration list for PBXNativeTarget "wh_weiboTests" */ = {
			isa = XCConfigurationList;
			buildConfigurations = (
				C6E334FA1BCDF9F100B111C1 /* Debug */,
				C6E334FB1BCDF9F100B111C1 /* Release */,
			);
			defaultConfigurationIsVisible = 0;
		};
/* End XCConfigurationList section */
	};
	rootObject = C6E334CB1BCDF9F000B111C1 /* Project object */;
}
